Microsoft Visual Studio Solution File, Format Version 12.00
# Visual Studio Version 17
VisualStudioVersion = 17.5.2.0
MinimumVisualStudioVersion = 10.0.40219.1
Project("{FAE04EC0-301F-11D3-BF4B-00C04F79EFBC}") = "katsuCMS-backend", "katsuCMS-backend.csproj", "{2A52F9AE-2FB9-A135-F482-9446623C0E3E}"
EndProject
Global
	GlobalSection(SolutionConfigurationPlatforms) = preSolution
		Debug|Any CPU = Debug|Any CPU
		Release|Any CPU = Release|Any CPU
	EndGlobalSection
	GlobalSection(ProjectConfigurationPlatforms) = postSolution
		{2A52F9AE-2FB9-A135-F482-9446623C0E3E}.Debug|Any CPU.ActiveCfg = Debug|Any CPU
		{2A52F9AE-2FB9-A135-F482-9446623C0E3E}.Debug|Any CPU.Build.0 = Debug|Any CPU
		{2A52F9AE-2FB9-A135-F482-9446623C0E3E}.Release|Any CPU.ActiveCfg = Release|Any CPU
		{2A52F9AE-2FB9-A135-F482-9446623C0E3E}.Release|Any CPU.Build.0 = Release|Any CPU
	EndGlobalSection
	GlobalSection(SolutionProperties) = preSolution
		HideSolutionNode = FALSE
	EndGlobalSection
	GlobalSection(ExtensibilityGlobals) = postSolution
		SolutionGuid = {FA5717DC-227F-4F9B-9939-BCD7F9ABD6B1}
	EndGlobalSection
EndGlobal
